
Microsoft Visual Studio Solution File, Format Version 12.00
# Visual Studio Version 17
VisualStudioVersion = 17.9.34723.18
MinimumVisualStudioVersion = 10.0.40219.1
Project("{FAE04EC0-301F-11D3-BF4B-00C04F79EFBC}") = "WebApi", "WebApi\WebApi.csproj", "{2C249F5B-0915-4F73-B459-60C86A29D31B}"
EndProject
Project("{FAE04EC0-301F-11D3-BF4B-00C04F79EFBC}") = "Domain", "Domain\Domain.csproj", "{8F4FDC00-C431-41F6-8A90-5C7BEAEC7A53}"
EndProject
Project("{FAE04EC0-301F-11D3-BF4B-00C04F79EFBC}") = "Application", "Application\Application.csproj", "{67214576-B34F-469B-82B2-EC6003E15237}"
EndProject
Project("{FAE04EC0-301F-11D3-BF4B-00C04F79EFBC}") = "Infra.Data", "Infra.Data\Infra.Data.csproj", "{A37DF5B0-5847-4DD7-9264-763920F07C09}"
EndProject
Project("{FAE04EC0-301F-11D3-BF4B-00C04F79EFBC}") = "Infra.IoC", "Infra.IoC\Infra.IoC.csproj", "{7F3CFF8C-859B-4084-A4AB-DE1CA9EC9B13}"
EndProject
Project("{E53339B2-1760-4266-BCC7-CA923CBCF16C}") = "docker-compose", "docker-compose.dcproj", "{449005E8-F2DA-4EF6-B439-3F19D2CBF22D}"
EndProject
Global
	GlobalSection(SolutionConfigurationPlatforms) = preSolution
		Debug|Any CPU = Debug|Any CPU
		Release|Any CPU = Release|Any CPU
	EndGlobalSection
	GlobalSection(ProjectConfigurationPlatforms) = postSolution
		{2C249F5B-0915-4F73-B459-60C86A29D31B}.Debug|Any CPU.ActiveCfg = Debug|Any CPU
		{2C249F5B-0915-4F73-B459-60C86A29D31B}.Debug|Any CPU.Build.0 = Debug|Any CPU
		{2C249F5B-0915-4F73-B459-60C86A29D31B}.Release|Any CPU.ActiveCfg = Release|Any CPU
		{2C249F5B-0915-4F73-B459-60C86A29D31B}.Release|Any CPU.Build.0 = Release|Any CPU
		{8F4FDC00-C431-41F6-8A90-5C7BEAEC7A53}.Debug|Any CPU.ActiveCfg = Debug|Any CPU
		{8F4FDC00-C431-41F6-8A90-5C7BEAEC7A53}.Debug|Any CPU.Build.0 = Debug|Any CPU
		{8F4FDC00-C431-41F6-8A90-5C7BEAEC7A53}.Release|Any CPU.ActiveCfg = Release|Any CPU
		{8F4FDC00-C431-41F6-8A90-5C7BEAEC7A53}.Release|Any CPU.Build.0 = Release|Any CPU
		{67214576-B34F-469B-82B2-EC6003E15237}.Debug|Any CPU.ActiveCfg = Debug|Any CPU
		{67214576-B34F-469B-82B2-EC6003E15237}.Debug|Any CPU.Build.0 = Debug|Any CPU
		{67214576-B34F-469B-82B2-EC6003E15237}.Release|Any CPU.ActiveCfg = Release|Any CPU
		{67214576-B34F-469B-82B2-EC6003E15237}.Release|Any CPU.Build.0 = Release|Any CPU
		{A37DF5B0-5847-4DD7-9264-763920F07C09}.Debug|Any CPU.ActiveCfg = Debug|Any CPU
		{A37DF5B0-5847-4DD7-9264-763920F07C09}.Debug|Any CPU.Build.0 = Debug|Any CPU
		{A37DF5B0-5847-4DD7-9264-763920F07C09}.Release|Any CPU.ActiveCfg = Release|Any CPU
		{A37DF5B0-5847-4DD7-9264-763920F07C09}.Release|Any CPU.Build.0 = Release|Any CPU
		{7F3CFF8C-859B-4084-A4AB-DE1CA9EC9B13}.Debug|Any CPU.ActiveCfg = Debug|Any CPU
		{7F3CFF8C-859B-4084-A4AB-DE1CA9EC9B13}.Debug|Any CPU.Build.0 = Debug|Any CPU
		{7F3CFF8C-859B-4084-A4AB-DE1CA9EC9B13}.Release|Any CPU.ActiveCfg = Release|Any CPU
		{7F3CFF8C-859B-4084-A4AB-DE1CA9EC9B13}.Release|Any CPU.Build.0 = Release|Any CPU
		{449005E8-F2DA-4EF6-B439-3F19D2CBF22D}.Debug|Any CPU.ActiveCfg = Debug|Any CPU
		{449005E8-F2DA-4EF6-B439-3F19D2CBF22D}.Debug|Any CPU.Build.0 = Debug|Any CPU
		{449005E8-F2DA-4EF6-B439-3F19D2CBF22D}.Release|Any CPU.ActiveCfg = Release|Any CPU
		{449005E8-F2DA-4EF6-B439-3F19D2CBF22D}.Release|Any CPU.Build.0 = Release|Any CPU
	EndGlobalSection
	GlobalSection(SolutionProperties) = preSolution
		HideSolutionNode = FALSE
	EndGlobalSection
	GlobalSection(ExtensibilityGlobals) = postSolution
		SolutionGuid = {0823A4E5-48A4-4BFF-893A-1DC5F9A68E32}
	EndGlobalSection
EndGlobal
